
Microsoft Visual Studio Solution File, Format Version 12.00
# Visual Studio Version 17
VisualStudioVersion = 17.4.33403.182
MinimumVisualStudioVersion = 10.0.40219.1
Project("{9A19103F-16F7-4668-BE54-9A1E7A4F7556}") = "Domain", "Domain\Domain.csproj", "{7B172AA4-EA8E-4B94-9365-210622225933}"
EndProject
Project("{9A19103F-16F7-4668-BE54-9A1E7A4F7556}") = "CoCStatsTracker", "CoCStatsTracker\CoCStatsTracker.csproj", "{E9182AF0-A64B-41F4-B918-B6C99B2AFC25}"
EndProject
Project("{9A19103F-16F7-4668-BE54-9A1E7A4F7556}") = "Storage", "Storage\Storage.csproj", "{57632997-B6B2-4A2A-82F3-E1658C53A99C}"
EndProject
Project("{9A19103F-16F7-4668-BE54-9A1E7A4F7556}") = "CoCApiDealer", "CoCApiDealer\CoCApiDealer.csproj", "{6F456F2C-F7A7-4745-B4E8-618DD4B4F3CF}"
EndProject
Project("{9A19103F-16F7-4668-BE54-9A1E7A4F7556}") = "CoCStatsTrackerBot", "CoCStatsTrackerBot\CoCStatsTrackerBot.csproj", "{6E968D96-08E1-42BA-B65F-7C1506154993}"
EndProject
Project("{2150E333-8FDC-42A3-9474-1A3956D46DE8}") = "Элементы решения", "Элементы решения", "{77049C46-B867-43EC-BF4A-9FE82F7E3683}"
	ProjectSection(SolutionItems) = preProject
		CustomSolutionElements\CoCStatsTracker.db = CustomSolutionElements\CoCStatsTracker.db
		CustomSolutionElements\DevelopersKey.txt = CustomSolutionElements\DevelopersKey.txt
		CustomSolutionElements\LogTrace.txt = CustomSolutionElements\LogTrace.txt
		CustomSolutionElements\TelegramBotClientToken.txt = CustomSolutionElements\TelegramBotClientToken.txt
		CustomSolutionElements\MyPersonalKey.txt = CustomSolutionElements\MyPersonalKey.txt
	EndProjectSection
EndProject
Global
	GlobalSection(SolutionConfigurationPlatforms) = preSolution
		Debug|Any CPU = Debug|Any CPU
		Release|Any CPU = Release|Any CPU
	EndGlobalSection
	GlobalSection(ProjectConfigurationPlatforms) = postSolution
		{7B172AA4-EA8E-4B94-9365-210622225933}.Debug|Any CPU.ActiveCfg = Debug|Any CPU
		{7B172AA4-EA8E-4B94-9365-210622225933}.Debug|Any CPU.Build.0 = Debug|Any CPU
		{7B172AA4-EA8E-4B94-9365-210622225933}.Release|Any CPU.ActiveCfg = Release|Any CPU
		{7B172AA4-EA8E-4B94-9365-210622225933}.Release|Any CPU.Build.0 = Release|Any CPU
		{E9182AF0-A64B-41F4-B918-B6C99B2AFC25}.Debug|Any CPU.ActiveCfg = Debug|Any CPU
		{E9182AF0-A64B-41F4-B918-B6C99B2AFC25}.Debug|Any CPU.Build.0 = Debug|Any CPU
		{E9182AF0-A64B-41F4-B918-B6C99B2AFC25}.Release|Any CPU.ActiveCfg = Release|Any CPU
		{E9182AF0-A64B-41F4-B918-B6C99B2AFC25}.Release|Any CPU.Build.0 = Release|Any CPU
		{57632997-B6B2-4A2A-82F3-E1658C53A99C}.Debug|Any CPU.ActiveCfg = Debug|Any CPU
		{57632997-B6B2-4A2A-82F3-E1658C53A99C}.Debug|Any CPU.Build.0 = Debug|Any CPU
		{57632997-B6B2-4A2A-82F3-E1658C53A99C}.Release|Any CPU.ActiveCfg = Release|Any CPU
		{57632997-B6B2-4A2A-82F3-E1658C53A99C}.Release|Any CPU.Build.0 = Release|Any CPU
		{6F456F2C-F7A7-4745-B4E8-618DD4B4F3CF}.Debug|Any CPU.ActiveCfg = Debug|Any CPU
		{6F456F2C-F7A7-4745-B4E8-618DD4B4F3CF}.Debug|Any CPU.Build.0 = Debug|Any CPU
		{6F456F2C-F7A7-4745-B4E8-618DD4B4F3CF}.Release|Any CPU.ActiveCfg = Release|Any CPU
		{6F456F2C-F7A7-4745-B4E8-618DD4B4F3CF}.Release|Any CPU.Build.0 = Release|Any CPU
		{6E968D96-08E1-42BA-B65F-7C1506154993}.Debug|Any CPU.ActiveCfg = Debug|Any CPU
		{6E968D96-08E1-42BA-B65F-7C1506154993}.Debug|Any CPU.Build.0 = Debug|Any CPU
		{6E968D96-08E1-42BA-B65F-7C1506154993}.Release|Any CPU.ActiveCfg = Release|Any CPU
		{6E968D96-08E1-42BA-B65F-7C1506154993}.Release|Any CPU.Build.0 = Release|Any CPU
	EndGlobalSection
	GlobalSection(SolutionProperties) = preSolution
		HideSolutionNode = FALSE
	EndGlobalSection
	GlobalSection(ExtensibilityGlobals) = postSolution
		SolutionGuid = {1654986A-EF76-43EE-BFA5-84B9D165E453}
	EndGlobalSection
EndGlobal
